
Microsoft Visual Studio Solution File, Format Version 12.00
# Visual Studio Version 16
VisualStudioVersion = 16.0.33423.256
MinimumVisualStudioVersion = 10.0.40219.1
Project("{FAE04EC0-301F-11D3-BF4B-00C04F79EFBC}") = "HKTutoring_WebDev_Backend", "HKTutoring_WebDev_Backend\HKTutoring_WebDev_Backend.csproj", "{D2DCDCED-1641-478F-94D1-F09A428456D5}"
EndProject
Global
	GlobalSection(SolutionConfigurationPlatforms) = preSolution
		Debug|Any CPU = Debug|Any CPU
		Release|Any CPU = Release|Any CPU
	EndGlobalSection
	GlobalSection(ProjectConfigurationPlatforms) = postSolution
		{D2DCDCED-1641-478F-94D1-F09A428456D5}.Debug|Any CPU.ActiveCfg = Debug|Any CPU
		{D2DCDCED-1641-478F-94D1-F09A428456D5}.Debug|Any CPU.Build.0 = Debug|Any CPU
		{D2DCDCED-1641-478F-94D1-F09A428456D5}.Release|Any CPU.ActiveCfg = Release|Any CPU
		{D2DCDCED-1641-478F-94D1-F09A428456D5}.Release|Any CPU.Build.0 = Release|Any CPU
	EndGlobalSection
	GlobalSection(SolutionProperties) = preSolution
		HideSolutionNode = FALSE
	EndGlobalSection
	GlobalSection(ExtensibilityGlobals) = postSolution
		SolutionGuid = {3F0E31A8-C819-4159-B846-115DAD6AEFF9}
	EndGlobalSection
EndGlobal
